# This file was autogenerated by uv via the following command:
#    uv pip compile pyproject.toml -o requirements.lock
asgiref==3.12.1
    # via django
boto3==1.43.70
    # via
    #   nanzi-travel-backend (pyproject.toml)
    #   django-storages
botocore==1.43.70
    # via
    #   boto3
    #   s3transfer
django==5.2.17
    # via
    #   nanzi-travel-backend (pyproject.toml)
    #   django-storages
    #   djangorestframework
django-storages==1.14.6
    # via nanzi-travel-backend (pyproject.toml)
djangorestframework==3.16.1
    # via nanzi-travel-backend (pyproject.toml)
gunicorn==23.0.0
    # via nanzi-travel-backend (pyproject.toml)
jmespath==1.1.0
    # via
    #   boto3
    #   botocore
packaging==26.3
    # via gunicorn
pillow==12.3.0
    # via nanzi-travel-backend (pyproject.toml)
python-dateutil==2.9.0.post0
    # via botocore
s3transfer==0.19.2
    # via boto3
six==1.17.0
    # via python-dateutil
sqlparse==0.5.5
    # via django
urllib3==2.7.0
    # via botocore
